// !$*UTF8*$!
{
	archiveVersion = 1;
	classes = {
	};
	objectVersion = 46;
	objects = {

/* Begin PBXBuildFile section */
		1FC10E689EB4E17401A0442A /* Pods_SocialMedia.framework in Frameworks */ = {isa = PBXBuildFile; fileRef = 9732A797594F8026BFC2F17B /* Pods_SocialMedia.framework */; };
		71345B4C1F161B32005041F0 /* AppDelegate.swift in Sources */ = {isa = PBXBuildFile; fileRef = 71345B4B1F161B32005041F0 /* AppDelegate.swift */; };
		71345B4E1F161B32005041F0 /* SignInVC.swift in Sources */ = {isa = PBXBuildFile; fileRef = 71345B4D1F161B32005041F0 /* SignInVC.swift */; };
		71345B511F161B32005041F0 /* Main.storyboard in Resources */ = {isa = PBXBuildFile; fileRef = 71345B4F1F161B32005041F0 /* Main.storyboard */; };
		71345B531F161B32005041F0 /* Assets.xcassets in Resources */ = {isa = PBXBuildFile; fileRef = 71345B521F161B32005041F0 /* Assets.xcassets */; };
		71345B561F161B32005041F0 /* LaunchScreen.storyboard in Resources */ = {isa = PBXBuildFile; fileRef = 71345B541F161B32005041F0 /* LaunchScreen.storyboard */; };
		71345B5E1F161BFC005041F0 /* GoogleService-Info.plist in Resources */ = {isa = PBXBuildFile; fileRef = 71345B5D1F161BFC005041F0 /* GoogleService-Info.plist */; };
		71345B6F1F162550005041F0 /* AkiraTextField.swift in Sources */ = {isa = PBXBuildFile; fileRef = 71345B631F162550005041F0 /* AkiraTextField.swift */; };
		71345B701F162550005041F0 /* HoshiTextField.swift in Sources */ = {isa = PBXBuildFile; fileRef = 71345B641F162550005041F0 /* HoshiTextField.swift */; };
		71345B711F162550005041F0 /* Info.plist in Resources */ = {isa = PBXBuildFile; fileRef = 71345B651F162550005041F0 /* Info.plist */; };
		71345B721F162550005041F0 /* IsaoTextField.swift in Sources */ = {isa = PBXBuildFile; fileRef = 71345B661F162550005041F0 /* IsaoTextField.swift */; };
		71345B731F162550005041F0 /* JiroTextField.swift in Sources */ = {isa = PBXBuildFile; fileRef = 71345B671F162550005041F0 /* JiroTextField.swift */; };
		71345B741F162550005041F0 /* KaedeTextField.swift in Sources */ = {isa = PBXBuildFile; fileRef = 71345B681F162550005041F0 /* KaedeTextField.swift */; };
		71345B751F162550005041F0 /* MadokaTextField.swift in Sources */ = {isa = PBXBuildFile; fileRef = 71345B691F162550005041F0 /* MadokaTextField.swift */; };
		71345B761F162550005041F0 /* MinoruTextField.swift in Sources */ = {isa = PBXBuildFile; fileRef = 71345B6A1F162550005041F0 /* MinoruTextField.swift */; };
		71345B771F162550005041F0 /* TextFieldEffects.swift in Sources */ = {isa = PBXBuildFile; fileRef = 71345B6C1F162550005041F0 /* TextFieldEffects.swift */; };
		71345B781F162550005041F0 /* YokoTextField.swift in Sources */ = {isa = PBXBuildFile; fileRef = 71345B6D1F162550005041F0 /* YokoTextField.swift */; };
		71345B791F162550005041F0 /* YoshikoTextField.swift in Sources */ = {isa = PBXBuildFile; fileRef = 71345B6E1F162550005041F0 /* YoshikoTextField.swift */; };
/* End PBXBuildFile section */

/* Begin PBXFileReference section */
		04B05D5F1F14345A05DF18DE /* Pods-SocialMedia.release.xcconfig */ = {isa = PBXFileReference; includeInIndex = 1; lastKnownFileType = text.xcconfig; name = "Pods-SocialMedia.release.xcconfig"; path = "Pods/Target Support Files/Pods-SocialMedia/Pods-SocialMedia.release.xcconfig"; sourceTree = "<group>"; };
		71345B481F161B32005041F0 /* SocialMedia.app */ = {isa = PBXFileReference; explicitFileType = wrapper.application; includeInIndex = 0; path = SocialMedia.app; sourceTree = BUILT_PRODUCTS_DIR; };
		71345B4B1F161B32005041F0 /* AppDelegate.swift */ = {isa = PBXFileReference; lastKnownFileType = sourcecode.swift; path = AppDelegate.swift; sourceTree = "<group>"; };
		71345B4D1F161B32005041F0 /* SignInVC.swift */ = {isa = PBXFileReference; lastKnownFileType = sourcecode.swift; path = SignInVC.swift; sourceTree = "<group>"; };
		71345B501F161B32005041F0 /* Base */ = {isa = PBXFileReference; lastKnownFileType = file.storyboard; name = Base; path = Base.lproj/Main.storyboard; sourceTree = "<group>"; };
		71345B521F161B32005041F0 /* Assets.xcassets */ = {isa = PBXFileReference; lastKnownFileType = folder.assetcatalog; path = Assets.xcassets; sourceTree = "<group>"; };
		71345B551F161B32005041F0 /* Base */ = {isa = PBXFileReference; lastKnownFileType = file.storyboard; name = Base; path = Base.lproj/LaunchScreen.storyboard; sourceTree = "<group>"; };
		71345B571F161B32005041F0 /* Info.plist */ = {isa = PBXFileReference; lastKnownFileType = text.plist.xml; path = Info.plist; sourceTree = "<group>"; };
		71345B5D1F161BFC005041F0 /* GoogleService-Info.plist */ = {isa = PBXFileReference; fileEncoding = 4; lastKnownFileType = text.plist.xml; path = "GoogleService-Info.plist"; sourceTree = "<group>"; };
		71345B631F162550005041F0 /* AkiraTextField.swift */ = {isa = PBXFileReference; fileEncoding = 4; lastKnownFileType = sourcecode.swift; path = AkiraTextField.swift; sourceTree = "<group>"; };
		71345B641F162550005041F0 /* HoshiTextField.swift */ = {isa = PBXFileReference; fileEncoding = 4; lastKnownFileType = sourcecode.swift; path = HoshiTextField.swift; sourceTree = "<group>"; };
		71345B651F162550005041F0 /* Info.plist */ = {isa = PBXFileReference; fileEncoding = 4; lastKnownFileType = text.plist.xml; path = Info.plist; sourceTree = "<group>"; };
		71345B661F162550005041F0 /* IsaoTextField.swift */ = {isa = PBXFileReference; fileEncoding = 4; lastKnownFileType = sourcecode.swift; path = IsaoTextField.swift; sourceTree = "<group>"; };
		71345B671F162550005041F0 /* JiroTextField.swift */ = {isa = PBXFileReference; fileEncoding = 4; lastKnownFileType = sourcecode.swift; path = JiroTextField.swift; sourceTree = "<group>"; };
		71345B681F162550005041F0 /* KaedeTextField.swift */ = {isa = PBXFileReference; fileEncoding = 4; lastKnownFileType = sourcecode.swift; path = KaedeTextField.swift; sourceTree = "<group>"; };
		71345B691F162550005041F0 /* MadokaTextField.swift */ = {isa = PBXFileReference; fileEncoding = 4; lastKnownFileType = sourcecode.swift; path = MadokaTextField.swift; sourceTree = "<group>"; };
		71345B6A1F162550005041F0 /* MinoruTextField.swift */ = {isa = PBXFileReference; fileEncoding = 4; lastKnownFileType = sourcecode.swift; path = MinoruTextField.swift; sourceTree = "<group>"; };
		71345B6B1F162550005041F0 /* TextFieldEffects.h */ = {isa = PBXFileReference; fileEncoding = 4; lastKnownFileType = sourcecode.c.h; path = TextFieldEffects.h; sourceTree = "<group>"; };
		71345B6C1F162550005041F0 /* TextFieldEffects.swift */ = {isa = PBXFileReference; fileEncoding = 4; lastKnownFileType = sourcecode.swift; path = TextFieldEffects.swift; sourceTree = "<group>"; };
		71345B6D1F162550005041F0 /* YokoTextField.swift */ = {isa = PBXFileReference; fileEncoding = 4; lastKnownFileType = sourcecode.swift; path = YokoTextField.swift; sourceTree = "<group>"; };
		71345B6E1F162550005041F0 /* YoshikoTextField.swift */ = {isa = PBXFileReference; fileEncoding = 4; lastKnownFileType = sourcecode.swift; path = YoshikoTextField.swift; sourceTree = "<group>"; };
		7AB196B2BDC6A99186C32423 /* Pods-SocialMedia.debug.xcconfig */ = {isa = PBXFileReference; includeInIndex = 1; lastKnownFileType = text.xcconfig; name = "Pods-SocialMedia.debug.xcconfig"; path = "Pods/Target Support Files/Pods-SocialMedia/Pods-SocialMedia.debug.xcconfig"; sourceTree = "<group>"; };
		9732A797594F8026BFC2F17B /* Pods_SocialMedia.framework */ = {isa = PBXFileReference; explicitFileType = wrapper.framework; includeInIndex = 0; path = Pods_SocialMedia.framework; sourceTree = BUILT_PRODUCTS_DIR; };
/* End PBXFileReference section */

/* Begin PBXFrameworksBuildPhase section */
		71345B451F161B32005041F0 /* Frameworks */ = {
			isa = PBXFrameworksBuildPhase;
			buildActionMask = 2147483647;
			files = (
				1FC10E689EB4E17401A0442A /* Pods_SocialMedia.framework in Frameworks */,
			);
			runOnlyForDeploymentPostprocessing = 0;
		};
/* End PBXFrameworksBuildPhase section */

/* Begin PBXGroup section */
		5E5EB6BF2E58AE4EEF4B17BB /* Frameworks */ = {
			isa = PBXGroup;
			children = (
				9732A797594F8026BFC2F17B /* Pods_SocialMedia.framework */,
			);
			name = Frameworks;
			sourceTree = "<group>";
		};
		71345B3F1F161B32005041F0 = {
			isa = PBXGroup;
			children = (
				71345B621F162550005041F0 /* TextFieldEffects */,
				71345B4A1F161B32005041F0 /* SocialMedia */,
				71345B491F161B32005041F0 /* Products */,
				A5F77E5E8D549C4A7FF514A8 /* Pods */,
				5E5EB6BF2E58AE4EEF4B17BB /* Frameworks */,
			);
			sourceTree = "<group>";
		};
		71345B491F161B32005041F0 /* Products */ = {
			isa = PBXGroup;
			children = (
				71345B481F161B32005041F0 /* SocialMedia.app */,
			);
			name = Products;
			sourceTree = "<group>";
		};
		71345B4A1F161B32005041F0 /* SocialMedia */ = {
			isa = PBXGroup;
			children = (
				71345B5F1F161E4D005041F0 /* Model */,
				71345B601F161E52005041F0 /* View */,
				71345B611F161E58005041F0 /* Controller */,
				71345B4B1F161B32005041F0 /* AppDelegate.swift */,
				71345B4F1F161B32005041F0 /* Main.storyboard */,
				71345B521F161B32005041F0 /* Assets.xcassets */,
				71345B541F161B32005041F0 /* LaunchScreen.storyboard */,
				71345B571F161B32005041F0 /* Info.plist */,
				71345B5D1F161BFC005041F0 /* GoogleService-Info.plist */,
			);
			path = SocialMedia;
			sourceTree = "<group>";
		};
		71345B5F1F161E4D005041F0 /* Model */ = {
			isa = PBXGroup;
			children = (
			);
			name = Model;
			sourceTree = "<group>";
		};
		71345B601F161E52005041F0 /* View */ = {
			isa = PBXGroup;
			children = (
			);
			name = View;
			sourceTree = "<group>";
		};
		71345B611F161E58005041F0 /* Controller */ = {
			isa = PBXGroup;
			children = (
				71345B4D1F161B32005041F0 /* SignInVC.swift */,
			);
			name = Controller;
			sourceTree = "<group>";
		};
		71345B621F162550005041F0 /* TextFieldEffects */ = {
			isa = PBXGroup;
			children = (
				71345B631F162550005041F0 /* AkiraTextField.swift */,
				71345B641F162550005041F0 /* HoshiTextField.swift */,
				71345B651F162550005041F0 /* Info.plist */,
				71345B661F162550005041F0 /* IsaoTextField.swift */,
				71345B671F162550005041F0 /* JiroTextField.swift */,
				71345B681F162550005041F0 /* KaedeTextField.swift */,
				71345B691F162550005041F0 /* MadokaTextField.swift */,
				71345B6A1F162550005041F0 /* MinoruTextField.swift */,
				71345B6B1F162550005041F0 /* TextFieldEffects.h */,
				71345B6C1F162550005041F0 /* TextFieldEffects.swift */,
				71345B6D1F162550005041F0 /* YokoTextField.swift */,
				71345B6E1F162550005041F0 /* YoshikoTextField.swift */,
			);
			path = TextFieldEffects;
			sourceTree = "<group>";
		};
		A5F77E5E8D549C4A7FF514A8 /* Pods */ = {
			isa = PBXGroup;
			children = (
				7AB196B2BDC6A99186C32423 /* Pods-SocialMedia.debug.xcconfig */,
				04B05D5F1F14345A05DF18DE /* Pods-SocialMedia.release.xcconfig */,
			);
			name = Pods;
			sourceTree = "<group>";
		};
/* End PBXGroup section */

/* Begin PBXNativeTarget section */
		71345B471F161B32005041F0 /* SocialMedia */ = {
			isa = PBXNativeTarget;
			buildConfigurationList = 71345B5A1F161B32005041F0 /* Build configuration list for PBXNativeTarget "SocialMedia" */;
			buildPhases = (
				DE81D1933C5E7A9B4B8DC02F /* [CP] Check Pods Manifest.lock */,
				71345B441F161B32005041F0 /* Sources */,
				71345B451F161B32005041F0 /* Frameworks */,
				71345B461F161B32005041F0 /* Resources */,
				8B4762B147DDF45AAD727B36 /* [CP] Embed Pods Frameworks */,
				2CD65A42A9629CF6AFB1ECD2 /* [CP] Copy Pods Resources */,
			);
			buildRules = (
			);
			dependencies = (
			);
			name = SocialMedia;
			productName = SocialMedia;
			productReference = 71345B481F161B32005041F0 /* SocialMedia.app */;
			productType = "com.apple.product-type.application";
		};
/* End PBXNativeTarget section */

/* Begin PBXProject section */
		71345B401F161B32005041F0 /* Project object */ = {
			isa = PBXProject;
			attributes = {
				LastSwiftUpdateCheck = 0830;
				LastUpgradeCheck = 0830;
				ORGANIZATIONNAME = Learning;
				TargetAttributes = {
					71345B471F161B32005041F0 = {
						CreatedOnToolsVersion = 8.3.3;
						DevelopmentTeam = X9SMA4AC5Y;
						ProvisioningStyle = Automatic;
					};
				};
			};
			buildConfigurationList = 71345B431F161B32005041F0 /* Build configuration list for PBXProject "SocialMedia" */;
			compatibilityVersion = "Xcode 3.2";
			developmentRegion = English;
			hasScannedForEncodings = 0;
			knownRegions = (
				en,
				Base,
			);
			mainGroup = 71345B3F1F161B32005041F0;
			productRefGroup = 71345B491F161B32005041F0 /* Products */;
			projectDirPath = "";
			projectRoot = "";
			targets = (
				71345B471F161B32005041F0 /* SocialMedia */,
			);
		};
/* End PBXProject section */

/* Begin PBXResourcesBuildPhase section */
		71345B461F161B32005041F0 /* Resources */ = {
			isa = PBXResourcesBuildPhase;
			buildActionMask = 2147483647;
			files = (
				71345B5E1F161BFC005041F0 /* GoogleService-Info.plist in Resources */,
				71345B561F161B32005041F0 /* LaunchScreen.storyboard in Resources */,
				71345B531F161B32005041F0 /* Assets.xcassets in Resources */,
				71345B711F162550005041F0 /* Info.plist in Resources */,
				71345B511F161B32005041F0 /* Main.storyboard in Resources */,
			);
			runOnlyForDeploymentPostprocessing = 0;
		};
/* End PBXResourcesBuildPhase section */

/* Begin PBXShellScriptBuildPhase section */
		2CD65A42A9629CF6AFB1ECD2 /* [CP] Copy Pods Resources */ = {
			isa = PBXShellScriptBuildPhase;
			buildActionMask = 2147483647;
			files = (
			);
			inputPaths = (
			);
			name = "[CP] Copy Pods Resources";
			outputPaths = (
			);
			runOnlyForDeploymentPostprocessing = 0;
			shellPath = /bin/sh;
			shellScript = "\"${SRCROOT}/Pods/Target Support Files/Pods-SocialMedia/Pods-SocialMedia-resources.sh\"\n";
			showEnvVarsInLog = 0;
		};
		8B4762B147DDF45AAD727B36 /* [CP] Embed Pods Frameworks */ = {
			isa = PBXShellScriptBuildPhase;
			buildActionMask = 2147483647;
			files = (
			);
			inputPaths = (
			);
			name = "[CP] Embed Pods Frameworks";
			outputPaths = (
			);
			runOnlyForDeploymentPostprocessing = 0;
			shellPath = /bin/sh;
			shellScript = "\"${SRCROOT}/Pods/Target Support Files/Pods-SocialMedia/Pods-SocialMedia-frameworks.sh\"\n";
			showEnvVarsInLog = 0;
		};
		DE81D1933C5E7A9B4B8DC02F /* [CP] Check Pods Manifest.lock */ = {
			isa = PBXShellScriptBuildPhase;
			buildActionMask = 2147483647;
			files = (
			);
			inputPaths = (
			);
			name = "[CP] Check Pods Manifest.lock";
			outputPaths = (
			);
			runOnlyForDeploymentPostprocessing = 0;
			shellPath = /bin/sh;
			shellScript = "diff \"${PODS_ROOT}/../Podfile.lock\" \"${PODS_ROOT}/Manifest.lock\" > /dev/null\nif [ $? != 0 ] ; then\n    # print error to STDERR\n    echo \"error: The sandbox is not in sync with the Podfile.lock. Run 'pod install' or update your CocoaPods installation.\" >&2\n    exit 1\nfi\n";
			showEnvVarsInLog = 0;
		};
/* End PBXShellScriptBuildPhase section */

/* Begin PBXSourcesBuildPhase section */
		71345B441F161B32005041F0 /* Sources */ = {
			isa = PBXSourcesBuildPhase;
			buildActionMask = 2147483647;
			files = (
				71345B6F1F162550005041F0 /* AkiraTextField.swift in Sources */,
				71345B4E1F161B32005041F0 /* SignInVC.swift in Sources */,
				71345B761F162550005041F0 /* MinoruTextField.swift in Sources */,
				71345B741F162550005041F0 /* KaedeTextField.swift in Sources */,
				71345B791F162550005041F0 /* YoshikoTextField.swift in Sources */,
				71345B771F162550005041F0 /* TextFieldEffects.swift in Sources */,
				71345B4C1F161B32005041F0 /* AppDelegate.swift in Sources */,
				71345B781F162550005041F0 /* YokoTextField.swift in Sources */,
				71345B701F162550005041F0 /* HoshiTextField.swift in Sources */,
				71345B721F162550005041F0 /* IsaoTextField.swift in Sources */,
				71345B751F162550005041F0 /* MadokaTextField.swift in Sources */,
				71345B731F162550005041F0 /* JiroTextField.swift in Sources */,
			);
			runOnlyForDeploymentPostprocessing = 0;
		};
/* End PBXSourcesBuildPhase section */

/* Begin PBXVariantGroup section */
		71345B4F1F161B32005041F0 /* Main.storyboard */ = {
			isa = PBXVariantGroup;
			children = (
				71345B501F161B32005041F0 /* Base */,
			);
			name = Main.storyboard;
			sourceTree = "<group>";
		};
		71345B541F161B32005041F0 /* LaunchScreen.storyboard */ = {
			isa = PBXVariantGroup;
			children = (
				71345B551F161B32005041F0 /* Base */,
			);
			name = LaunchScreen.storyboard;
			sourceTree = "<group>";
		};
/* End PBXVariantGroup section */

/* Begin XCBuildConfiguration section */
		71345B581F161B32005041F0 /* Debug */ = {
			isa = XCBuildConfiguration;
			buildSettings = {
				ALWAYS_SEARCH_USER_PATHS = NO;
				CLANG_ANALYZER_NONNULL = YES;
				CLANG_ANALYZER_NUMBER_OBJECT_CONVERSION = YES_AGGRESSIVE;
				CLANG_CXX_LANGUAGE_STANDARD = "gnu++0x";
				CLANG_CXX_LIBRARY = "libc++";
				CLANG_ENABLE_MODULES = YES;
				CLANG_ENABLE_OBJC_ARC = YES;
				CLANG_WARN_BOOL_CONVERSION = YES;
				CLANG_WARN_CONSTANT_CONVERSION = YES;
				CLANG_WARN_DIRECT_OBJC_ISA_USAGE = YES_ERROR;
				CLANG_WARN_DOCUMENTATION_COMMENTS = YES;
				CLANG_WARN_EMPTY_BODY = YES;
				CLANG_WARN_ENUM_CONVERSION = YES;
				CLANG_WARN_INFINITE_RECURSION = YES;
				CLANG_WARN_INT_CONVERSION = YES;
				CLANG_WARN_OBJC_ROOT_CLASS = YES_ERROR;
				CLANG_WARN_SUSPICIOUS_MOVE = YES;
				CLANG_WARN_UNREACHABLE_CODE = YES;
				CLANG_WARN__DUPLICATE_METHOD_MATCH = YES;
				"CODE_SIGN_IDENTITY[sdk=iphoneos*]" = "iPhone Developer";
				COPY_PHASE_STRIP = NO;
				DEBUG_INFORMATION_FORMAT = dwarf;
				ENABLE_STRICT_OBJC_MSGSEND = YES;
				ENABLE_TESTABILITY = YES;
				GCC_C_LANGUAGE_STANDARD = gnu99;
				GCC_DYNAMIC_NO_PIC = NO;
				GCC_NO_COMMON_BLOCKS = YES;
				GCC_OPTIMIZATION_LEVEL = 0;
				GCC_PREPROCESSOR_DEFINITIONS = (
					"DEBUG=1",
					"$(inherited)",
				);
				GCC_WARN_64_TO_32_BIT_CONVERSION = YES;
				GCC_WARN_ABOUT_RETURN_TYPE = YES_ERROR;
				GCC_WARN_UNDECLARED_SELECTOR = YES;
				GCC_WARN_UNINITIALIZED_AUTOS = YES_AGGRESSIVE;
				GCC_WARN_UNUSED_FUNCTION = YES;
				GCC_WARN_UNUSED_VARIABLE = YES;
				IPHONEOS_DEPLOYMENT_TARGET = 10.3;
				MTL_ENABLE_DEBUG_INFO = YES;
				ONLY_ACTIVE_ARCH = YES;
				SDKROOT = iphoneos;
				SWIFT_ACTIVE_COMPILATION_CONDITIONS = DEBUG;
				SWIFT_OPTIMIZATION_LEVEL = "-Onone";
				TARGETED_DEVICE_FAMILY = "1,2";
			};
			name = Debug;
		};
		71345B591F161B32005041F0 /* Release */ = {
			isa = XCBuildConfiguration;
			buildSettings = {
				ALWAYS_SEARCH_USER_PATHS = NO;
				CLANG_ANALYZER_NONNULL = YES;
				CLANG_ANALYZER_NUMBER_OBJECT_CONVERSION = YES_AGGRESSIVE;
				CLANG_CXX_LANGUAGE_STANDARD = "gnu++0x";
				CLANG_CXX_LIBRARY = "libc++";
				CLANG_ENABLE_MODULES = YES;
				CLANG_ENABLE_OBJC_ARC = YES;
				CLANG_WARN_BOOL_CONVERSION = YES;
				CLANG_WARN_CONSTANT_CONVERSION = YES;
				CLANG_WARN_DIRECT_OBJC_ISA_USAGE = YES_ERROR;
				CLANG_WARN_DOCUMENTATION_COMMENTS = YES;
				CLANG_WARN_EMPTY_BODY = YES;
				CLANG_WARN_ENUM_CONVERSION = YES;
				CLANG_WARN_INFINITE_RECURSION = YES;
				CLANG_WARN_INT_CONVERSION = YES;
				CLANG_WARN_OBJC_ROOT_CLASS = YES_ERROR;
				CLANG_WARN_SUSPICIOUS_MOVE = YES;
				CLANG_WARN_UNREACHABLE_CODE = YES;
				CLANG_WARN__DUPLICATE_METHOD_MATCH = YES;
				"CODE_SIGN_IDENTITY[sdk=iphoneos*]" = "iPhone Developer";
				COPY_PHASE_STRIP = NO;
				DEBUG_INFORMATION_FORMAT = "dwarf-with-dsym";
				ENABLE_NS_ASSERTIONS = NO;
				ENABLE_STRICT_OBJC_MSGSEND = YES;
				GCC_C_LANGUAGE_STANDARD = gnu99;
				GCC_NO_COMMON_BLOCKS = YES;
				GCC_WARN_64_TO_32_BIT_CONVERSION = YES;
				GCC_WARN_ABOUT_RETURN_TYPE = YES_ERROR;
				GCC_WARN_UNDECLARED_SELECTOR = YES;
				GCC_WARN_UNINITIALIZED_AUTOS = YES_AGGRESSIVE;
				GCC_WARN_UNUSED_FUNCTION = YES;
				GCC_WARN_UNUSED_VARIABLE = YES;
				IPHONEOS_DEPLOYMENT_TARGET = 10.3;
				MTL_ENABLE_DEBUG_INFO = NO;
				SDKROOT = iphoneos;
				SWIFT_OPTIMIZATION_LEVEL = "-Owholemodule";
				TARGETED_DEVICE_FAMILY = "1,2";
				VALIDATE_PRODUCT = YES;
			};
			name = Release;
		};
		71345B5B1F161B32005041F0 /* Debug */ = {
			isa = XCBuildConfiguration;
			baseConfigurationReference = 7AB196B2BDC6A99186C32423 /* Pods-SocialMedia.debug.xcconfig */;
			buildSettings = {
				ASSETCATALOG_COMPILER_APPICON_NAME = AppIcon;
				DEVELOPMENT_TEAM = X9SMA4AC5Y;
				INFOPLIST_FILE = SocialMedia/Info.plist;
				LD_RUNPATH_SEARCH_PATHS = "$(inherited) @executable_path/Frameworks";
				PRODUCT_BUNDLE_IDENTIFIER = com.learning.SocialMedia;
				PRODUCT_NAME = "$(TARGET_NAME)";
				SWIFT_VERSION = 3.0;
			};
			name = Debug;
		};
		71345B5C1F161B32005041F0 /* Release */ = {
			isa = XCBuildConfiguration;
			baseConfigurationReference = 04B05D5F1F14345A05DF18DE /* Pods-SocialMedia.release.xcconfig */;
			buildSettings = {
				ASSETCATALOG_COMPILER_APPICON_NAME = AppIcon;
				DEVELOPMENT_TEAM = X9SMA4AC5Y;
				INFOPLIST_FILE = SocialMedia/Info.plist;
				LD_RUNPATH_SEARCH_PATHS = "$(inherited) @executable_path/Frameworks";
				PRODUCT_BUNDLE_IDENTIFIER = com.learning.SocialMedia;
				PRODUCT_NAME = "$(TARGET_NAME)";
				SWIFT_VERSION = 3.0;
			};
			name = Release;
		};
/* End XCBuildConfiguration section */

/* Begin XCConfigurationList section */
		71345B431F161B32005041F0 /* Build configuration list for PBXProject "SocialMedia" */ = {
			isa = XCConfigurationList;
			buildConfigurations = (
				71345B581F161B32005041F0 /* Debug */,
				71345B591F161B32005041F0 /* Release */,
			);
			defaultConfigurationIsVisible = 0;
			defaultConfigurationName = Release;
		};
		71345B5A1F161B32005041F0 /* Build configuration list for PBXNativeTarget "SocialMedia" */ = {
			isa = XCConfigurationList;
			buildConfigurations = (
				71345B5B1F161B32005041F0 /* Debug */,
				71345B5C1F161B32005041F0 /* Release */,
			);
			defaultConfigurationIsVisible = 0;
			defaultConfigurationName = Release;
		};
/* End XCConfigurationList section */
	};
	rootObject = 71345B401F161B32005041F0 /* Project object */;
}
